
Microsoft Visual Studio Solution File, Format Version 12.00
# Visual Studio Version 17
VisualStudioVersion = 17.0.31903.59
MinimumVisualStudioVersion = 10.0.40219.1
Project("{FAE04EC0-301F-11D3-BF4B-00C04F79EFBC}") = "DESAFIOCALCULADORA", "DESAFIOCALCULADORA\DESAFIOCALCULADORA.csproj", "{F8EF6A8D-EA31-4155-AA78-DB51CF248393}"
EndProject
Global
	GlobalSection(SolutionConfigurationPlatforms) = preSolution
		Debug|Any CPU = Debug|Any CPU
		Release|Any CPU = Release|Any CPU
	EndGlobalSection
	GlobalSection(SolutionProperties) = preSolution
		HideSolutionNode = FALSE
	EndGlobalSection
	GlobalSection(ProjectConfigurationPlatforms) = postSolution
		{F8EF6A8D-EA31-4155-AA78-DB51CF248393}.Debug|Any CPU.ActiveCfg = Debug|Any CPU
		{F8EF6A8D-EA31-4155-AA78-DB51CF248393}.Debug|Any CPU.Build.0 = Debug|Any CPU
		{F8EF6A8D-EA31-4155-AA78-DB51CF248393}.Release|Any CPU.ActiveCfg = Release|Any CPU
		{F8EF6A8D-EA31-4155-AA78-DB51CF248393}.Release|Any CPU.Build.0 = Release|Any CPU
	EndGlobalSection
EndGlobal
