
Microsoft Visual Studio Solution File, Format Version 12.00
# Visual Studio Version 17
VisualStudioVersion = 17.5.002.0
MinimumVisualStudioVersion = 10.0.40219.1
Project("{2150E333-8FDC-42A3-9474-1A3956D46DE8}") = "Fundamentos do .NET", "Fundamentos do .NET", "{08C768F4-76AB-48DD-9066-6739A9D5320E}"
EndProject
Project("{9A19103F-16F7-4668-BE54-9A1E7A4F7556}") = "Hello World", "Fundamentos do .NET\Hello World\Hello World.csproj", "{A1EB0B90-E5C7-4695-82DE-0C6DFE1D241B}"
EndProject
Project("{9A19103F-16F7-4668-BE54-9A1E7A4F7556}") = "Pessoa", "Fundamentos do .NET\Pessoa\Pessoa.csproj", "{58186D43-4CFA-43CA-AD15-19896F81FEBE}"
EndProject
Project("{FAE04EC0-301F-11D3-BF4B-00C04F79EFBC}") = "EstruturasCondicionais", "EstruturasCondicionais\EstruturasCondicionais.csproj", "{61D530DF-5A66-4D3A-A5D8-0F645446707C}"
EndProject
Project("{FAE04EC0-301F-11D3-BF4B-00C04F79EFBC}") = "SwitchCase", "Fundamentos do .NET\SwitchCase\SwitchCase.csproj", "{FAF3E214-6E63-41ED-AF9B-BC32D248E9D5}"
EndProject
Project("{2150E333-8FDC-42A3-9474-1A3956D46DE8}") = "EstruturasLógicas", "EstruturasLógicas", "{D65E77CA-3688-4733-A941-EA6ADA8DBA88}"
EndProject
Project("{FAE04EC0-301F-11D3-BF4B-00C04F79EFBC}") = "EstruturaLogica", "Fundamentos do .NET\EstruturasLógicas\EstruturaLogica\EstruturaLogica.csproj", "{24C36CA8-7F88-4E7A-8CCF-F539DC61815B}"
EndProject
Project("{2150E333-8FDC-42A3-9474-1A3956D46DE8}") = "Calculadora", "Calculadora", "{71B23B1A-CBDF-4C6E-82F1-2BA231052E33}"
EndProject
Project("{FAE04EC0-301F-11D3-BF4B-00C04F79EFBC}") = "Calculadora", "Fundamentos do .NET\Calculadora\Calculadora\Calculadora.csproj", "{316082E1-9747-4B72-AF94-BABB61F31CE6}"
EndProject
Project("{FAE04EC0-301F-11D3-BF4B-00C04F79EFBC}") = "EstruturaDeRepeticao", "Fundamentos do .NET\EstruturaDeRepeticao\EstruturaDeRepeticao.csproj", "{445FBB88-88C2-4BA1-BEEE-C3CF07D1C4A5}"
EndProject
Project("{FAE04EC0-301F-11D3-BF4B-00C04F79EFBC}") = "Solution", "Fundamentos do .NET\Solution\Solution.csproj", "{32276606-BDFB-4D1E-9703-03878D63E35C}"
EndProject
Project("{FAE04EC0-301F-11D3-BF4B-00C04F79EFBC}") = "ExemploFundamentos.Common", "ExemploFundamentos.Common\ExemploFundamentos.Common.csproj", "{117FB2C2-6A2F-408D-A97B-5FA0A93EB9FB}"
EndProject
Project("{FAE04EC0-301F-11D3-BF4B-00C04F79EFBC}") = "Arrays", "Fundamentos do .NET\Arrays\Arrays.csproj", "{1DCDACE7-D45B-4EB2-8963-38DE07610F75}"
EndProject
Project("{FAE04EC0-301F-11D3-BF4B-00C04F79EFBC}") = "Listas", "Fundamentos do .NET\Listas\Listas.csproj", "{F2E564BF-5A95-4A4C-970A-BE6F67BFB585}"
EndProject
Project("{FAE04EC0-301F-11D3-BF4B-00C04F79EFBC}") = "DesafioDeCodigoN1", "DesafioDeCodigoN1\DesafioDeCodigoN1.csproj", "{05A4CA8F-01EF-4992-B14B-0CBCB26CF02D}"
EndProject
Project("{2150E333-8FDC-42A3-9474-1A3956D46DE8}") = "DesafioDeCodigoN1", "DesafioDeCodigoN1", "{4B539F92-B1C0-4779-9774-79C9833D2A7A}"
EndProject
Project("{FAE04EC0-301F-11D3-BF4B-00C04F79EFBC}") = "CondicionalmenteRico", "DesafioDeCodigoN1\CondicionalmenteRico\CondicionalmenteRico.csproj", "{722013C6-CE1E-4206-ACC5-4D4A0CD73F7E}"
EndProject
Project("{FAE04EC0-301F-11D3-BF4B-00C04F79EFBC}") = "ListaDeItens", "DesafioDeCodigoN1\ListaDeItens\ListaDeItens.csproj", "{589E9B16-D68C-4CAD-A14C-B5ED7FB45DB8}"
EndProject
Project("{2150E333-8FDC-42A3-9474-1A3956D46DE8}") = "ManipulandoDados", "ManipulandoDados", "{15C0407A-EFC8-4719-AD4B-638A0C69274F}"
EndProject
Project("{FAE04EC0-301F-11D3-BF4B-00C04F79EFBC}") = "Pessoa", "ManipulandoDados\Pessoa\Pessoa.csproj", "{C9946131-EA41-4C0B-AEBE-8A4516456284}"
EndProject
Project("{FAE04EC0-301F-11D3-BF4B-00C04F79EFBC}") = "ValoresMonetarios", "ManipulandoDados\ValoresMonetarios\ValoresMonetarios.csproj", "{69A114C8-1AE2-4A6C-B5D2-24EE46A5E288}"
EndProject
Project("{FAE04EC0-301F-11D3-BF4B-00C04F79EFBC}") = "DataHorario", "ManipulandoDados\DataHorario\DataHorario.csproj", "{AA2AC4A1-0EFC-4110-BD91-FCE2FB1E4294}"
EndProject
Project("{FAE04EC0-301F-11D3-BF4B-00C04F79EFBC}") = "Excecoes", "ManipulandoDados\Excecoes\Excecoes.csproj", "{7727B0F4-2B67-4C1C-9DAD-8F94BEE611EB}"
EndProject
Project("{FAE04EC0-301F-11D3-BF4B-00C04F79EFBC}") = "FilaEPilha", "ManipulandoDados\FilaEPilha\FilaEPilha.csproj", "{5D4AD129-A405-4E7C-9133-F753B61D5099}"
EndProject
Project("{FAE04EC0-301F-11D3-BF4B-00C04F79EFBC}") = "Dicionario", "ManipulandoDados\Dicionario\Dicionario.csproj", "{53E573E8-7D1C-4086-9D7C-8D1D45AE60BB}"
EndProject
Project("{FAE04EC0-301F-11D3-BF4B-00C04F79EFBC}") = "Tuplas", "ManipulandoDados\Tuplas\Tuplas.csproj", "{C0FBEA88-7902-462F-8465-E56B742605EB}"
EndProject
Project("{FAE04EC0-301F-11D3-BF4B-00C04F79EFBC}") = "IfTernario", "ManipulandoDados\IfTernario\IfTernario.csproj", "{2ED896AC-FACC-47FB-B040-AF334DC83DF7}"
EndProject
Project("{FAE04EC0-301F-11D3-BF4B-00C04F79EFBC}") = "Nuget", "ManipulandoDados\Nuget\Nuget.csproj", "{812749C2-1AB6-42F9-A986-602DE228837F}"
EndProject
Project("{FAE04EC0-301F-11D3-BF4B-00C04F79EFBC}") = "DesafioDeProjetoHospedagemHotel", "DesafioDeProjetoHospedagemHotel\DesafioDeProjetoHospedagemHotel.csproj", "{1CD1D7DE-2A5F-4347-86A3-5798D6C40250}"
EndProject
Project("{FAE04EC0-301F-11D3-BF4B-00C04F79EFBC}") = "DesafioDeCodigoN2", "DesafioDeCodigoN2\DesafioDeCodigoN2.csproj", "{E44D24F2-45B6-4DCF-8BA1-80339FD3B5B3}"
EndProject
Project("{2150E333-8FDC-42A3-9474-1A3956D46DE8}") = "DesafioDeCodigoN2", "DesafioDeCodigoN2", "{870D1A13-46E5-4221-9790-9351D1B2429E}"
EndProject
Project("{FAE04EC0-301F-11D3-BF4B-00C04F79EFBC}") = "CalculandoDano", "DesafioDeCodigoN2\CalculandoDano\CalculandoDano.csproj", "{F5C4D442-DD39-4451-B439-B042DA21C7A7}"
EndProject
Project("{FAE04EC0-301F-11D3-BF4B-00C04F79EFBC}") = "GuardiaoAtributos", "DesafioDeCodigoN2\GuardiaoAtributos\GuardiaoAtributos.csproj", "{7D709FC8-DB3E-433E-959C-995F766623DC}"
EndProject
Project("{FAE04EC0-301F-11D3-BF4B-00C04F79EFBC}") = "ValidandoSenhas", "DesafioDeCodigoN2\ValidandoSenhas\ValidandoSenhas.csproj", "{2A6BA27C-294F-4EBE-8517-76B7CFE2456D}"
EndProject
Project("{2150E333-8FDC-42A3-9474-1A3956D46DE8}") = "DesafioDeCodigoN3", "DesafioDeCodigoN3", "{98A90268-D77F-4C9A-8487-AE637975579A}"
EndProject
Project("{FAE04EC0-301F-11D3-BF4B-00C04F79EFBC}") = "ItemMagico", "DesafioDeCodigoN3\ItemMagico\ItemMagico.csproj", "{EEFC6985-D6D1-41C4-BA59-61DA18863F9C}"
EndProject
Project("{FAE04EC0-301F-11D3-BF4B-00C04F79EFBC}") = "ExercitoRobos", "DesafioDeCodigoN3\ExercitoRobos\ExercitoRobos.csproj", "{6AC2F0F8-0941-4D99-AF5C-50C5EC18AB9A}"
EndProject
Project("{FAE04EC0-301F-11D3-BF4B-00C04F79EFBC}") = "DescubraCarta", "DesafioDeCodigoN3\DescubraCarta\DescubraCarta.csproj", "{0F6D03B1-189D-4A86-9262-879BE4ACD8F5}"
EndProject
Project("{2150E333-8FDC-42A3-9474-1A3956D46DE8}") = "API", "API", "{A824516F-6401-4D27-84BE-AE49FF5BBF91}"
EndProject
Project("{FAE04EC0-301F-11D3-BF4B-00C04F79EFBC}") = "WebApplication1", "API\WebApplication1\WebApplication1.csproj", "{CD1038F3-7A25-4193-B363-686AD83AB799}"
EndProject
Project("{FAE04EC0-301F-11D3-BF4B-00C04F79EFBC}") = "WebApplication2", "API\WebApplication2\WebApplication2.csproj", "{5D08800F-511F-45D3-87CF-42E25CC68AD5}"
EndProject
Global
	GlobalSection(SolutionConfigurationPlatforms) = preSolution
		Debug|Any CPU = Debug|Any CPU
		Release|Any CPU = Release|Any CPU
	EndGlobalSection
	GlobalSection(ProjectConfigurationPlatforms) = postSolution
		{A1EB0B90-E5C7-4695-82DE-0C6DFE1D241B}.Debug|Any CPU.ActiveCfg = Debug|Any CPU
		{A1EB0B90-E5C7-4695-82DE-0C6DFE1D241B}.Debug|Any CPU.Build.0 = Debug|Any CPU
		{A1EB0B90-E5C7-4695-82DE-0C6DFE1D241B}.Release|Any CPU.ActiveCfg = Release|Any CPU
		{A1EB0B90-E5C7-4695-82DE-0C6DFE1D241B}.Release|Any CPU.Build.0 = Release|Any CPU
		{58186D43-4CFA-43CA-AD15-19896F81FEBE}.Debug|Any CPU.ActiveCfg = Debug|Any CPU
		{58186D43-4CFA-43CA-AD15-19896F81FEBE}.Debug|Any CPU.Build.0 = Debug|Any CPU
		{58186D43-4CFA-43CA-AD15-19896F81FEBE}.Release|Any CPU.ActiveCfg = Release|Any CPU
		{58186D43-4CFA-43CA-AD15-19896F81FEBE}.Release|Any CPU.Build.0 = Release|Any CPU
		{61D530DF-5A66-4D3A-A5D8-0F645446707C}.Debug|Any CPU.ActiveCfg = Debug|Any CPU
		{61D530DF-5A66-4D3A-A5D8-0F645446707C}.Debug|Any CPU.Build.0 = Debug|Any CPU
		{61D530DF-5A66-4D3A-A5D8-0F645446707C}.Release|Any CPU.ActiveCfg = Release|Any CPU
		{61D530DF-5A66-4D3A-A5D8-0F645446707C}.Release|Any CPU.Build.0 = Release|Any CPU
		{FAF3E214-6E63-41ED-AF9B-BC32D248E9D5}.Debug|Any CPU.ActiveCfg = Debug|Any CPU
		{FAF3E214-6E63-41ED-AF9B-BC32D248E9D5}.Debug|Any CPU.Build.0 = Debug|Any CPU
		{FAF3E214-6E63-41ED-AF9B-BC32D248E9D5}.Release|Any CPU.ActiveCfg = Release|Any CPU
		{FAF3E214-6E63-41ED-AF9B-BC32D248E9D5}.Release|Any CPU.Build.0 = Release|Any CPU
		{24C36CA8-7F88-4E7A-8CCF-F539DC61815B}.Debug|Any CPU.ActiveCfg = Debug|Any CPU
		{24C36CA8-7F88-4E7A-8CCF-F539DC61815B}.Debug|Any CPU.Build.0 = Debug|Any CPU
		{24C36CA8-7F88-4E7A-8CCF-F539DC61815B}.Release|Any CPU.ActiveCfg = Release|Any CPU
		{24C36CA8-7F88-4E7A-8CCF-F539DC61815B}.Release|Any CPU.Build.0 = Release|Any CPU
		{316082E1-9747-4B72-AF94-BABB61F31CE6}.Debug|Any CPU.ActiveCfg = Debug|Any CPU
		{316082E1-9747-4B72-AF94-BABB61F31CE6}.Debug|Any CPU.Build.0 = Debug|Any CPU
		{316082E1-9747-4B72-AF94-BABB61F31CE6}.Release|Any CPU.ActiveCfg = Release|Any CPU
		{316082E1-9747-4B72-AF94-BABB61F31CE6}.Release|Any CPU.Build.0 = Release|Any CPU
		{445FBB88-88C2-4BA1-BEEE-C3CF07D1C4A5}.Debug|Any CPU.ActiveCfg = Debug|Any CPU
		{445FBB88-88C2-4BA1-BEEE-C3CF07D1C4A5}.Debug|Any CPU.Build.0 = Debug|Any CPU
		{445FBB88-88C2-4BA1-BEEE-C3CF07D1C4A5}.Release|Any CPU.ActiveCfg = Release|Any CPU
		{445FBB88-88C2-4BA1-BEEE-C3CF07D1C4A5}.Release|Any CPU.Build.0 = Release|Any CPU
		{32276606-BDFB-4D1E-9703-03878D63E35C}.Debug|Any CPU.ActiveCfg = Debug|Any CPU
		{32276606-BDFB-4D1E-9703-03878D63E35C}.Debug|Any CPU.Build.0 = Debug|Any CPU
		{32276606-BDFB-4D1E-9703-03878D63E35C}.Release|Any CPU.ActiveCfg = Release|Any CPU
		{32276606-BDFB-4D1E-9703-03878D63E35C}.Release|Any CPU.Build.0 = Release|Any CPU
		{117FB2C2-6A2F-408D-A97B-5FA0A93EB9FB}.Debug|Any CPU.ActiveCfg = Debug|Any CPU
		{117FB2C2-6A2F-408D-A97B-5FA0A93EB9FB}.Debug|Any CPU.Build.0 = Debug|Any CPU
		{117FB2C2-6A2F-408D-A97B-5FA0A93EB9FB}.Release|Any CPU.ActiveCfg = Release|Any CPU
		{117FB2C2-6A2F-408D-A97B-5FA0A93EB9FB}.Release|Any CPU.Build.0 = Release|Any CPU
		{1DCDACE7-D45B-4EB2-8963-38DE07610F75}.Debug|Any CPU.ActiveCfg = Debug|Any CPU
		{1DCDACE7-D45B-4EB2-8963-38DE07610F75}.Debug|Any CPU.Build.0 = Debug|Any CPU
		{1DCDACE7-D45B-4EB2-8963-38DE07610F75}.Release|Any CPU.ActiveCfg = Release|Any CPU
		{1DCDACE7-D45B-4EB2-8963-38DE07610F75}.Release|Any CPU.Build.0 = Release|Any CPU
		{F2E564BF-5A95-4A4C-970A-BE6F67BFB585}.Debug|Any CPU.ActiveCfg = Debug|Any CPU
		{F2E564BF-5A95-4A4C-970A-BE6F67BFB585}.Debug|Any CPU.Build.0 = Debug|Any CPU
		{F2E564BF-5A95-4A4C-970A-BE6F67BFB585}.Release|Any CPU.ActiveCfg = Release|Any CPU
		{F2E564BF-5A95-4A4C-970A-BE6F67BFB585}.Release|Any CPU.Build.0 = Release|Any CPU
		{05A4CA8F-01EF-4992-B14B-0CBCB26CF02D}.Debug|Any CPU.ActiveCfg = Debug|Any CPU
		{05A4CA8F-01EF-4992-B14B-0CBCB26CF02D}.Debug|Any CPU.Build.0 = Debug|Any CPU
		{05A4CA8F-01EF-4992-B14B-0CBCB26CF02D}.Release|Any CPU.ActiveCfg = Release|Any CPU
		{05A4CA8F-01EF-4992-B14B-0CBCB26CF02D}.Release|Any CPU.Build.0 = Release|Any CPU
		{722013C6-CE1E-4206-ACC5-4D4A0CD73F7E}.Debug|Any CPU.ActiveCfg = Debug|Any CPU
		{722013C6-CE1E-4206-ACC5-4D4A0CD73F7E}.Debug|Any CPU.Build.0 = Debug|Any CPU
		{722013C6-CE1E-4206-ACC5-4D4A0CD73F7E}.Release|Any CPU.ActiveCfg = Release|Any CPU
		{722013C6-CE1E-4206-ACC5-4D4A0CD73F7E}.Release|Any CPU.Build.0 = Release|Any CPU
		{589E9B16-D68C-4CAD-A14C-B5ED7FB45DB8}.Debug|Any CPU.ActiveCfg = Debug|Any CPU
		{589E9B16-D68C-4CAD-A14C-B5ED7FB45DB8}.Debug|Any CPU.Build.0 = Debug|Any CPU
		{589E9B16-D68C-4CAD-A14C-B5ED7FB45DB8}.Release|Any CPU.ActiveCfg = Release|Any CPU
		{589E9B16-D68C-4CAD-A14C-B5ED7FB45DB8}.Release|Any CPU.Build.0 = Release|Any CPU
		{C9946131-EA41-4C0B-AEBE-8A4516456284}.Debug|Any CPU.ActiveCfg = Debug|Any CPU
		{C9946131-EA41-4C0B-AEBE-8A4516456284}.Debug|Any CPU.Build.0 = Debug|Any CPU
		{C9946131-EA41-4C0B-AEBE-8A4516456284}.Release|Any CPU.ActiveCfg = Release|Any CPU
		{C9946131-EA41-4C0B-AEBE-8A4516456284}.Release|Any CPU.Build.0 = Release|Any CPU
		{69A114C8-1AE2-4A6C-B5D2-24EE46A5E288}.Debug|Any CPU.ActiveCfg = Debug|Any CPU
		{69A114C8-1AE2-4A6C-B5D2-24EE46A5E288}.Debug|Any CPU.Build.0 = Debug|Any CPU
		{69A114C8-1AE2-4A6C-B5D2-24EE46A5E288}.Release|Any CPU.ActiveCfg = Release|Any CPU
		{69A114C8-1AE2-4A6C-B5D2-24EE46A5E288}.Release|Any CPU.Build.0 = Release|Any CPU
		{AA2AC4A1-0EFC-4110-BD91-FCE2FB1E4294}.Debug|Any CPU.ActiveCfg = Debug|Any CPU
		{AA2AC4A1-0EFC-4110-BD91-FCE2FB1E4294}.Debug|Any CPU.Build.0 = Debug|Any CPU
		{AA2AC4A1-0EFC-4110-BD91-FCE2FB1E4294}.Release|Any CPU.ActiveCfg = Release|Any CPU
		{AA2AC4A1-0EFC-4110-BD91-FCE2FB1E4294}.Release|Any CPU.Build.0 = Release|Any CPU
		{7727B0F4-2B67-4C1C-9DAD-8F94BEE611EB}.Debug|Any CPU.ActiveCfg = Debug|Any CPU
		{7727B0F4-2B67-4C1C-9DAD-8F94BEE611EB}.Debug|Any CPU.Build.0 = Debug|Any CPU
		{7727B0F4-2B67-4C1C-9DAD-8F94BEE611EB}.Release|Any CPU.ActiveCfg = Release|Any CPU
		{7727B0F4-2B67-4C1C-9DAD-8F94BEE611EB}.Release|Any CPU.Build.0 = Release|Any CPU
		{5D4AD129-A405-4E7C-9133-F753B61D5099}.Debug|Any CPU.ActiveCfg = Debug|Any CPU
		{5D4AD129-A405-4E7C-9133-F753B61D5099}.Debug|Any CPU.Build.0 = Debug|Any CPU
		{5D4AD129-A405-4E7C-9133-F753B61D5099}.Release|Any CPU.ActiveCfg = Release|Any CPU
		{5D4AD129-A405-4E7C-9133-F753B61D5099}.Release|Any CPU.Build.0 = Release|Any CPU
		{53E573E8-7D1C-4086-9D7C-8D1D45AE60BB}.Debug|Any CPU.ActiveCfg = Debug|Any CPU
		{53E573E8-7D1C-4086-9D7C-8D1D45AE60BB}.Debug|Any CPU.Build.0 = Debug|Any CPU
		{53E573E8-7D1C-4086-9D7C-8D1D45AE60BB}.Release|Any CPU.ActiveCfg = Release|Any CPU
		{53E573E8-7D1C-4086-9D7C-8D1D45AE60BB}.Release|Any CPU.Build.0 = Release|Any CPU
		{C0FBEA88-7902-462F-8465-E56B742605EB}.Debug|Any CPU.ActiveCfg = Debug|Any CPU
		{C0FBEA88-7902-462F-8465-E56B742605EB}.Debug|Any CPU.Build.0 = Debug|Any CPU
		{C0FBEA88-7902-462F-8465-E56B742605EB}.Release|Any CPU.ActiveCfg = Release|Any CPU
		{C0FBEA88-7902-462F-8465-E56B742605EB}.Release|Any CPU.Build.0 = Release|Any CPU
		{2ED896AC-FACC-47FB-B040-AF334DC83DF7}.Debug|Any CPU.ActiveCfg = Debug|Any CPU
		{2ED896AC-FACC-47FB-B040-AF334DC83DF7}.Debug|Any CPU.Build.0 = Debug|Any CPU
		{2ED896AC-FACC-47FB-B040-AF334DC83DF7}.Release|Any CPU.ActiveCfg = Release|Any CPU
		{2ED896AC-FACC-47FB-B040-AF334DC83DF7}.Release|Any CPU.Build.0 = Release|Any CPU
		{812749C2-1AB6-42F9-A986-602DE228837F}.Debug|Any CPU.ActiveCfg = Debug|Any CPU
		{812749C2-1AB6-42F9-A986-602DE228837F}.Debug|Any CPU.Build.0 = Debug|Any CPU
		{812749C2-1AB6-42F9-A986-602DE228837F}.Release|Any CPU.ActiveCfg = Release|Any CPU
		{812749C2-1AB6-42F9-A986-602DE228837F}.Release|Any CPU.Build.0 = Release|Any CPU
		{1CD1D7DE-2A5F-4347-86A3-5798D6C40250}.Debug|Any CPU.ActiveCfg = Debug|Any CPU
		{1CD1D7DE-2A5F-4347-86A3-5798D6C40250}.Debug|Any CPU.Build.0 = Debug|Any CPU
		{1CD1D7DE-2A5F-4347-86A3-5798D6C40250}.Release|Any CPU.ActiveCfg = Release|Any CPU
		{1CD1D7DE-2A5F-4347-86A3-5798D6C40250}.Release|Any CPU.Build.0 = Release|Any CPU
		{E44D24F2-45B6-4DCF-8BA1-80339FD3B5B3}.Debug|Any CPU.ActiveCfg = Debug|Any CPU
		{E44D24F2-45B6-4DCF-8BA1-80339FD3B5B3}.Debug|Any CPU.Build.0 = Debug|Any CPU
		{E44D24F2-45B6-4DCF-8BA1-80339FD3B5B3}.Release|Any CPU.ActiveCfg = Release|Any CPU
		{E44D24F2-45B6-4DCF-8BA1-80339FD3B5B3}.Release|Any CPU.Build.0 = Release|Any CPU
		{F5C4D442-DD39-4451-B439-B042DA21C7A7}.Debug|Any CPU.ActiveCfg = Debug|Any CPU
		{F5C4D442-DD39-4451-B439-B042DA21C7A7}.Debug|Any CPU.Build.0 = Debug|Any CPU
		{F5C4D442-DD39-4451-B439-B042DA21C7A7}.Release|Any CPU.ActiveCfg = Release|Any CPU
		{F5C4D442-DD39-4451-B439-B042DA21C7A7}.Release|Any CPU.Build.0 = Release|Any CPU
		{7D709FC8-DB3E-433E-959C-995F766623DC}.Debug|Any CPU.ActiveCfg = Debug|Any CPU
		{7D709FC8-DB3E-433E-959C-995F766623DC}.Debug|Any CPU.Build.0 = Debug|Any CPU
		{7D709FC8-DB3E-433E-959C-995F766623DC}.Release|Any CPU.ActiveCfg = Release|Any CPU
		{7D709FC8-DB3E-433E-959C-995F766623DC}.Release|Any CPU.Build.0 = Release|Any CPU
		{2A6BA27C-294F-4EBE-8517-76B7CFE2456D}.Debug|Any CPU.ActiveCfg = Debug|Any CPU
		{2A6BA27C-294F-4EBE-8517-76B7CFE2456D}.Debug|Any CPU.Build.0 = Debug|Any CPU
		{2A6BA27C-294F-4EBE-8517-76B7CFE2456D}.Release|Any CPU.ActiveCfg = Release|Any CPU
		{2A6BA27C-294F-4EBE-8517-76B7CFE2456D}.Release|Any CPU.Build.0 = Release|Any CPU
		{EEFC6985-D6D1-41C4-BA59-61DA18863F9C}.Debug|Any CPU.ActiveCfg = Debug|Any CPU
		{EEFC6985-D6D1-41C4-BA59-61DA18863F9C}.Debug|Any CPU.Build.0 = Debug|Any CPU
		{EEFC6985-D6D1-41C4-BA59-61DA18863F9C}.Release|Any CPU.ActiveCfg = Release|Any CPU
		{EEFC6985-D6D1-41C4-BA59-61DA18863F9C}.Release|Any CPU.Build.0 = Release|Any CPU
		{6AC2F0F8-0941-4D99-AF5C-50C5EC18AB9A}.Debug|Any CPU.ActiveCfg = Debug|Any CPU
		{6AC2F0F8-0941-4D99-AF5C-50C5EC18AB9A}.Debug|Any CPU.Build.0 = Debug|Any CPU
		{6AC2F0F8-0941-4D99-AF5C-50C5EC18AB9A}.Release|Any CPU.ActiveCfg = Release|Any CPU
		{6AC2F0F8-0941-4D99-AF5C-50C5EC18AB9A}.Release|Any CPU.Build.0 = Release|Any CPU
		{0F6D03B1-189D-4A86-9262-879BE4ACD8F5}.Debug|Any CPU.ActiveCfg = Debug|Any CPU
		{0F6D03B1-189D-4A86-9262-879BE4ACD8F5}.Debug|Any CPU.Build.0 = Debug|Any CPU
		{0F6D03B1-189D-4A86-9262-879BE4ACD8F5}.Release|Any CPU.ActiveCfg = Release|Any CPU
		{0F6D03B1-189D-4A86-9262-879BE4ACD8F5}.Release|Any CPU.Build.0 = Release|Any CPU
		{CD1038F3-7A25-4193-B363-686AD83AB799}.Debug|Any CPU.ActiveCfg = Debug|Any CPU
		{CD1038F3-7A25-4193-B363-686AD83AB799}.Debug|Any CPU.Build.0 = Debug|Any CPU
		{CD1038F3-7A25-4193-B363-686AD83AB799}.Release|Any CPU.ActiveCfg = Release|Any CPU
		{CD1038F3-7A25-4193-B363-686AD83AB799}.Release|Any CPU.Build.0 = Release|Any CPU
		{5D08800F-511F-45D3-87CF-42E25CC68AD5}.Debug|Any CPU.ActiveCfg = Debug|Any CPU
		{5D08800F-511F-45D3-87CF-42E25CC68AD5}.Debug|Any CPU.Build.0 = Debug|Any CPU
		{5D08800F-511F-45D3-87CF-42E25CC68AD5}.Release|Any CPU.ActiveCfg = Release|Any CPU
		{5D08800F-511F-45D3-87CF-42E25CC68AD5}.Release|Any CPU.Build.0 = Release|Any CPU
	EndGlobalSection
	GlobalSection(SolutionProperties) = preSolution
		HideSolutionNode = FALSE
	EndGlobalSection
	GlobalSection(NestedProjects) = preSolution
		{A1EB0B90-E5C7-4695-82DE-0C6DFE1D241B} = {08C768F4-76AB-48DD-9066-6739A9D5320E}
		{58186D43-4CFA-43CA-AD15-19896F81FEBE} = {08C768F4-76AB-48DD-9066-6739A9D5320E}
		{FAF3E214-6E63-41ED-AF9B-BC32D248E9D5} = {08C768F4-76AB-48DD-9066-6739A9D5320E}
		{D65E77CA-3688-4733-A941-EA6ADA8DBA88} = {08C768F4-76AB-48DD-9066-6739A9D5320E}
		{24C36CA8-7F88-4E7A-8CCF-F539DC61815B} = {D65E77CA-3688-4733-A941-EA6ADA8DBA88}
		{71B23B1A-CBDF-4C6E-82F1-2BA231052E33} = {08C768F4-76AB-48DD-9066-6739A9D5320E}
		{316082E1-9747-4B72-AF94-BABB61F31CE6} = {71B23B1A-CBDF-4C6E-82F1-2BA231052E33}
		{445FBB88-88C2-4BA1-BEEE-C3CF07D1C4A5} = {08C768F4-76AB-48DD-9066-6739A9D5320E}
		{32276606-BDFB-4D1E-9703-03878D63E35C} = {08C768F4-76AB-48DD-9066-6739A9D5320E}
		{1DCDACE7-D45B-4EB2-8963-38DE07610F75} = {08C768F4-76AB-48DD-9066-6739A9D5320E}
		{F2E564BF-5A95-4A4C-970A-BE6F67BFB585} = {08C768F4-76AB-48DD-9066-6739A9D5320E}
		{05A4CA8F-01EF-4992-B14B-0CBCB26CF02D} = {4B539F92-B1C0-4779-9774-79C9833D2A7A}
		{722013C6-CE1E-4206-ACC5-4D4A0CD73F7E} = {4B539F92-B1C0-4779-9774-79C9833D2A7A}
		{589E9B16-D68C-4CAD-A14C-B5ED7FB45DB8} = {4B539F92-B1C0-4779-9774-79C9833D2A7A}
		{C9946131-EA41-4C0B-AEBE-8A4516456284} = {15C0407A-EFC8-4719-AD4B-638A0C69274F}
		{69A114C8-1AE2-4A6C-B5D2-24EE46A5E288} = {15C0407A-EFC8-4719-AD4B-638A0C69274F}
		{AA2AC4A1-0EFC-4110-BD91-FCE2FB1E4294} = {15C0407A-EFC8-4719-AD4B-638A0C69274F}
		{7727B0F4-2B67-4C1C-9DAD-8F94BEE611EB} = {15C0407A-EFC8-4719-AD4B-638A0C69274F}
		{5D4AD129-A405-4E7C-9133-F753B61D5099} = {15C0407A-EFC8-4719-AD4B-638A0C69274F}
		{53E573E8-7D1C-4086-9D7C-8D1D45AE60BB} = {15C0407A-EFC8-4719-AD4B-638A0C69274F}
		{C0FBEA88-7902-462F-8465-E56B742605EB} = {15C0407A-EFC8-4719-AD4B-638A0C69274F}
		{2ED896AC-FACC-47FB-B040-AF334DC83DF7} = {15C0407A-EFC8-4719-AD4B-638A0C69274F}
		{812749C2-1AB6-42F9-A986-602DE228837F} = {15C0407A-EFC8-4719-AD4B-638A0C69274F}
		{E44D24F2-45B6-4DCF-8BA1-80339FD3B5B3} = {870D1A13-46E5-4221-9790-9351D1B2429E}
		{F5C4D442-DD39-4451-B439-B042DA21C7A7} = {870D1A13-46E5-4221-9790-9351D1B2429E}
		{7D709FC8-DB3E-433E-959C-995F766623DC} = {870D1A13-46E5-4221-9790-9351D1B2429E}
		{2A6BA27C-294F-4EBE-8517-76B7CFE2456D} = {870D1A13-46E5-4221-9790-9351D1B2429E}
		{EEFC6985-D6D1-41C4-BA59-61DA18863F9C} = {98A90268-D77F-4C9A-8487-AE637975579A}
		{6AC2F0F8-0941-4D99-AF5C-50C5EC18AB9A} = {98A90268-D77F-4C9A-8487-AE637975579A}
		{0F6D03B1-189D-4A86-9262-879BE4ACD8F5} = {98A90268-D77F-4C9A-8487-AE637975579A}
		{CD1038F3-7A25-4193-B363-686AD83AB799} = {A824516F-6401-4D27-84BE-AE49FF5BBF91}
		{5D08800F-511F-45D3-87CF-42E25CC68AD5} = {A824516F-6401-4D27-84BE-AE49FF5BBF91}
	EndGlobalSection
	GlobalSection(ExtensibilityGlobals) = postSolution
		SolutionGuid = {79582621-E2E1-4F0F-A633-A988B5F73573}
	EndGlobalSection
EndGlobal
